{
  "version": "5",
  "specifiers": {
    "jsr:@astral/astral@0": "0.5.4",
    "jsr:@deno-library/progress@^1.5.1": "1.5.1",
    "jsr:@deno/cache-dir@0.22.2": "0.22.2",
    "jsr:@std/async@1": "1.0.14",
    "jsr:@std/bytes@^1.0.2": "1.0.6",
    "jsr:@std/encoding@1": "1.0.10",
    "jsr:@std/fmt@1.0.3": "1.0.3",
    "jsr:@std/fmt@^1.0.3": "1.0.3",
    "jsr:@std/fs@1": "1.0.19",
    "jsr:@std/fs@^1.0.6": "1.0.19",
    "jsr:@std/internal@^1.0.10": "1.0.10",
    "jsr:@std/io@0.225": "0.225.0",
    "jsr:@std/io@0.225.0": "0.225.0",
    "jsr:@std/path@1": "1.1.2",
    "jsr:@std/path@^1.0.8": "1.1.2",
    "jsr:@zip-js/zip-js@^2.7.52": "2.8.2"
  },
  "jsr": {
    "@astral/astral@0.5.4": {
      "integrity": "b720d12fe3d0f997974e0abe6b87ade2ce6ef2c76701e9984eb7e53601faa887",
      "dependencies": [
        "jsr:@deno-library/progress",
        "jsr:@deno/cache-dir",
        "jsr:@std/async",
        "jsr:@std/encoding",
        "jsr:@std/fs@1",
        "jsr:@std/path@1",
        "jsr:@zip-js/zip-js"
      ]
    },
    "@deno-library/progress@1.5.1": {
      "integrity": "966611826b8bb27baae73ab1c4fa4317cd4edd2abb99750cd6f8488d22d5b121",
      "dependencies": [
        "jsr:@std/fmt@1.0.3",
        "jsr:@std/io@0.225.0"
      ]
    },
    "@deno/cache-dir@0.22.2": {
      "integrity": "0c84b8db6175618cc2e25ed7d7648d83b38e298c14c1aae1e4b4e1b2219b840c",
      "dependencies": [
        "jsr:@std/fmt@^1.0.3",
        "jsr:@std/fs@^1.0.6",
        "jsr:@std/io@0.225",
        "jsr:@std/path@^1.0.8"
      ]
    },
    "@std/async@1.0.14": {
      "integrity": "62e954a418652c704d37563a3e54a37d4cf0268a9dcaeac1660cc652880b5326"
    },
    "@std/bytes@1.0.6": {
      "integrity": "f6ac6adbd8ccd99314045f5703e23af0a68d7f7e58364b47d2c7f408aeb5820a"
    },
    "@std/encoding@1.0.10": {
      "integrity": "8783c6384a2d13abd5e9e87a7ae0520a30e9f56aeeaa3bdf910a3eaaf5c811a1"
    },
    "@std/fmt@1.0.3": {
      "integrity": "97765c16aa32245ff4e2204ecf7d8562496a3cb8592340a80e7e554e0bb9149f"
    },
    "@std/fs@1.0.19": {
      "integrity": "051968c2b1eae4d2ea9f79a08a3845740ef6af10356aff43d3e2ef11ed09fb06"
    },
    "@std/internal@1.0.10": {
      "integrity": "e3be62ce42cab0e177c27698e5d9800122f67b766a0bea6ca4867886cbde8cf7"
    },
    "@std/io@0.225.0": {
      "integrity": "c1db7c5e5a231629b32d64b9a53139445b2ca640d828c26bf23e1c55f8c079b3",
      "dependencies": [
        "jsr:@std/bytes"
      ]
    },
    "@std/path@1.1.2": {
      "integrity": "c0b13b97dfe06546d5e16bf3966b1cadf92e1cc83e56ba5476ad8b498d9e3038",
      "dependencies": [
        "jsr:@std/internal"
      ]
    },
    "@zip-js/zip-js@2.8.2": {
      "integrity": "e25fb34fe2d8fbae9ebf08b550200f3f199a2a41c9420c4d1405b79053efe73a"
    }
  },
  "workspace": {
    "dependencies": [
      "jsr:@astral/astral@0",
      "jsr:@std/assert@1",
      "jsr:@std/path@1"
    ]
  }
}
